
Microsoft Visual Studio Solution File, Format Version 12.00
# Visual Studio Version 17
VisualStudioVersion = 17.5.33502.453
MinimumVisualStudioVersion = 10.0.40219.1
Project("{FAE04EC0-301F-11D3-BF4B-00C04F79EFBC}") = "gunluk-mvc", "gunluk-mvc\gunluk-mvc.csproj", "{3EB9FEAD-C41F-4898-A19B-1BE32B877AAE}"
EndProject
Global
	GlobalSection(SolutionConfigurationPlatforms) = preSolution
		Debug|Any CPU = Debug|Any CPU
		Release|Any CPU = Release|Any CPU
	EndGlobalSection
	GlobalSection(ProjectConfigurationPlatforms) = postSolution
		{3EB9FEAD-C41F-4898-A19B-1BE32B877AAE}.Debug|Any CPU.ActiveCfg = Debug|Any CPU
		{3EB9FEAD-C41F-4898-A19B-1BE32B877AAE}.Debug|Any CPU.Build.0 = Debug|Any CPU
		{3EB9FEAD-C41F-4898-A19B-1BE32B877AAE}.Release|Any CPU.ActiveCfg = Release|Any CPU
		{3EB9FEAD-C41F-4898-A19B-1BE32B877AAE}.Release|Any CPU.Build.0 = Release|Any CPU
	EndGlobalSection
	GlobalSection(SolutionProperties) = preSolution
		HideSolutionNode = FALSE
	EndGlobalSection
	GlobalSection(ExtensibilityGlobals) = postSolution
		SolutionGuid = {ED868AE6-F820-435C-AB7D-AF66E70D2B6A}
	EndGlobalSection
EndGlobal
